// !$*UTF8*$!
{
	archiveVersion = 1;
	classes = {
	};
	objectVersion = 54;
	objects = {

/* Begin PBXBuildFile section */
		2C1215503450B45156F9F3AA /* Pods_iosApp.framework in Frameworks */ = {isa = PBXBuildFile; fileRef = 62C7461168B04C9E31C22339 /* Pods_iosApp.framework */; };
		7555FF7F242A565900829871 /* AppDelegate.swift in Sources */ = {isa = PBXBuildFile; fileRef = 7555FF7E242A565900829871 /* AppDelegate.swift */; };
		7555FF83242A565900829871 /* KrepesListContentView.swift in Sources */ = {isa = PBXBuildFile; fileRef = 7555FF82242A565900829871 /* KrepesListContentView.swift */; };
		7555FF85242A565B00829871 /* Assets.xcassets in Resources */ = {isa = PBXBuildFile; fileRef = 7555FF84242A565B00829871 /* Assets.xcassets */; };
		7555FF88242A565B00829871 /* Preview Assets.xcassets in Resources */ = {isa = PBXBuildFile; fileRef = 7555FF87242A565B00829871 /* Preview Assets.xcassets */; };
		7555FF8B242A565B00829871 /* LaunchScreen.storyboard in Resources */ = {isa = PBXBuildFile; fileRef = 7555FF89242A565B00829871 /* LaunchScreen.storyboard */; };
		7555FF96242A565B00829871 /* iosAppTests.swift in Sources */ = {isa = PBXBuildFile; fileRef = 7555FF95242A565B00829871 /* iosAppTests.swift */; };
		7555FFA1242A565B00829871 /* iosAppUITests.swift in Sources */ = {isa = PBXBuildFile; fileRef = 7555FFA0242A565B00829871 /* iosAppUITests.swift */; };
		99532EB32569EF0B006E064D /* KrepesViewModel.swift in Sources */ = {isa = PBXBuildFile; fileRef = 99532EB22569EF0B006E064D /* KrepesViewModel.swift */; };
		C20531FE256F0A460048BE7E /* ImageLoader.swift in Sources */ = {isa = PBXBuildFile; fileRef = C20531FD256F0A460048BE7E /* ImageLoader.swift */; };
		C2053205256F0DE00048BE7E /* ImageCache.swift in Sources */ = {isa = PBXBuildFile; fileRef = C2053204256F0DE00048BE7E /* ImageCache.swift */; };
		C2053209256F0E410048BE7E /* EnvironmentValues+ImageCache.swift in Sources */ = {isa = PBXBuildFile; fileRef = C2053208256F0E410048BE7E /* EnvironmentValues+ImageCache.swift */; };
		C205320F257026760048BE7E /* AsyncImageView.swift in Sources */ = {isa = PBXBuildFile; fileRef = C205320E257026760048BE7E /* AsyncImageView.swift */; };
		C205322E25702A800048BE7E /* KrepesBaseViewController.swift in Sources */ = {isa = PBXBuildFile; fileRef = C205322D25702A800048BE7E /* KrepesBaseViewController.swift */; };
		C2053236257048660048BE7E /* KrepesCityListContentView.swift in Sources */ = {isa = PBXBuildFile; fileRef = C2053235257048660048BE7E /* KrepesCityListContentView.swift */; };
		C25F28DA256EF3D80059C464 /* Coordinator.swift in Sources */ = {isa = PBXBuildFile; fileRef = C25F28D9256EF3D80059C464 /* Coordinator.swift */; };
		C25F28E2256EF4650059C464 /* KrepesCoordinator.swift in Sources */ = {isa = PBXBuildFile; fileRef = C25F28E1256EF4650059C464 /* KrepesCoordinator.swift */; };
		C25F28E6256EF5E70059C464 /* KrepesListViewController.swift in Sources */ = {isa = PBXBuildFile; fileRef = C25F28E5256EF5E70059C464 /* KrepesListViewController.swift */; };
		C25F28ED256F03480059C464 /* CityViewController.swift in Sources */ = {isa = PBXBuildFile; fileRef = C25F28EC256F03480059C464 /* CityViewController.swift */; };
		C25F28F6256F05690059C464 /* SceneDelegate.swift in Sources */ = {isa = PBXBuildFile; fileRef = C25F28F5256F05690059C464 /* SceneDelegate.swift */; };
		C26DD87E257190AC005E3E1B /* Injector.swift in Sources */ = {isa = PBXBuildFile; fileRef = C26DD87D257190AC005E3E1B /* Injector.swift */; };
/* End PBXBuildFile section */

/* Begin PBXContainerItemProxy section */
		7555FF92242A565B00829871 /* PBXContainerItemProxy */ = {
			isa = PBXContainerItemProxy;
			containerPortal = 7555FF73242A565900829871 /* Project object */;
			proxyType = 1;
			remoteGlobalIDString = 7555FF7A242A565900829871;
			remoteInfo = iosApp;
		};
		7555FF9D242A565B00829871 /* PBXContainerItemProxy */ = {
			isa = PBXContainerItemProxy;
			containerPortal = 7555FF73242A565900829871 /* Project object */;
			proxyType = 1;
			remoteGlobalIDString = 7555FF7A242A565900829871;
			remoteInfo = iosApp;
		};
/* End PBXContainerItemProxy section */

/* Begin PBXCopyFilesBuildPhase section */
		C20EE479257407790041304B /* Embed Frameworks */ = {
			isa = PBXCopyFilesBuildPhase;
			buildActionMask = 2147483647;
			dstPath = "";
			dstSubfolderSpec = 10;
			files = (
			);
			name = "Embed Frameworks";
			runOnlyForDeploymentPostprocessing = 0;
		};
/* End PBXCopyFilesBuildPhase section */

/* Begin PBXFileReference section */
		01D3C09395C67EC5ADC26F99 /* Pods-iosApp.release.xcconfig */ = {isa = PBXFileReference; includeInIndex = 1; lastKnownFileType = text.xcconfig; name = "Pods-iosApp.release.xcconfig"; path = "Target Support Files/Pods-iosApp/Pods-iosApp.release.xcconfig"; sourceTree = "<group>"; };
		62C7461168B04C9E31C22339 /* Pods_iosApp.framework */ = {isa = PBXFileReference; explicitFileType = wrapper.framework; includeInIndex = 0; path = Pods_iosApp.framework; sourceTree = BUILT_PRODUCTS_DIR; };
		7555FF7B242A565900829871 /* iosApp.app */ = {isa = PBXFileReference; explicitFileType = wrapper.application; includeInIndex = 0; path = iosApp.app; sourceTree = BUILT_PRODUCTS_DIR; };
		7555FF7E242A565900829871 /* AppDelegate.swift */ = {isa = PBXFileReference; lastKnownFileType = sourcecode.swift; path = AppDelegate.swift; sourceTree = "<group>"; };
		7555FF82242A565900829871 /* KrepesListContentView.swift */ = {isa = PBXFileReference; lastKnownFileType = sourcecode.swift; path = KrepesListContentView.swift; sourceTree = "<group>"; };
		7555FF84242A565B00829871 /* Assets.xcassets */ = {isa = PBXFileReference; lastKnownFileType = folder.assetcatalog; path = Assets.xcassets; sourceTree = "<group>"; };
		7555FF87242A565B00829871 /* Preview Assets.xcassets */ = {isa = PBXFileReference; lastKnownFileType = folder.assetcatalog; path = "Preview Assets.xcassets"; sourceTree = "<group>"; };
		7555FF8A242A565B00829871 /* Base */ = {isa = PBXFileReference; lastKnownFileType = file.storyboard; name = Base; path = Base.lproj/LaunchScreen.storyboard; sourceTree = "<group>"; };
		7555FF8C242A565B00829871 /* Info.plist */ = {isa = PBXFileReference; lastKnownFileType = text.plist.xml; path = Info.plist; sourceTree = "<group>"; };
		7555FF91242A565B00829871 /* iosAppTests.xctest */ = {isa = PBXFileReference; explicitFileType = wrapper.cfbundle; includeInIndex = 0; path = iosAppTests.xctest; sourceTree = BUILT_PRODUCTS_DIR; };
		7555FF95242A565B00829871 /* iosAppTests.swift */ = {isa = PBXFileReference; lastKnownFileType = sourcecode.swift; path = iosAppTests.swift; sourceTree = "<group>"; };
		7555FF97242A565B00829871 /* Info.plist */ = {isa = PBXFileReference; lastKnownFileType = text.plist.xml; path = Info.plist; sourceTree = "<group>"; };
		7555FF9C242A565B00829871 /* iosAppUITests.xctest */ = {isa = PBXFileReference; explicitFileType = wrapper.cfbundle; includeInIndex = 0; path = iosAppUITests.xctest; sourceTree = BUILT_PRODUCTS_DIR; };
		7555FFA0242A565B00829871 /* iosAppUITests.swift */ = {isa = PBXFileReference; lastKnownFileType = sourcecode.swift; path = iosAppUITests.swift; sourceTree = "<group>"; };
		7555FFA2242A565B00829871 /* Info.plist */ = {isa = PBXFileReference; lastKnownFileType = text.plist.xml; path = Info.plist; sourceTree = "<group>"; };
		7555FFB1242A642300829871 /* shared.framework */ = {isa = PBXFileReference; lastKnownFileType = wrapper.framework; name = shared.framework; path = "../shared/build/xcode-frameworks/shared.framework"; sourceTree = "<group>"; };
		99532EB22569EF0B006E064D /* KrepesViewModel.swift */ = {isa = PBXFileReference; lastKnownFileType = sourcecode.swift; path = KrepesViewModel.swift; sourceTree = "<group>"; };
		C20531FD256F0A460048BE7E /* ImageLoader.swift */ = {isa = PBXFileReference; lastKnownFileType = sourcecode.swift; path = ImageLoader.swift; sourceTree = "<group>"; };
		C2053204256F0DE00048BE7E /* ImageCache.swift */ = {isa = PBXFileReference; lastKnownFileType = sourcecode.swift; path = ImageCache.swift; sourceTree = "<group>"; };
		C2053208256F0E410048BE7E /* EnvironmentValues+ImageCache.swift */ = {isa = PBXFileReference; lastKnownFileType = sourcecode.swift; path = "EnvironmentValues+ImageCache.swift"; sourceTree = "<group>"; };
		C205320E257026760048BE7E /* AsyncImageView.swift */ = {isa = PBXFileReference; lastKnownFileType = sourcecode.swift; path = AsyncImageView.swift; sourceTree = "<group>"; };
		C205322D25702A800048BE7E /* KrepesBaseViewController.swift */ = {isa = PBXFileReference; lastKnownFileType = sourcecode.swift; path = KrepesBaseViewController.swift; sourceTree = "<group>"; };
		C2053235257048660048BE7E /* KrepesCityListContentView.swift */ = {isa = PBXFileReference; lastKnownFileType = sourcecode.swift; path = KrepesCityListContentView.swift; sourceTree = "<group>"; };
		C25F28D9256EF3D80059C464 /* Coordinator.swift */ = {isa = PBXFileReference; lastKnownFileType = sourcecode.swift; path = Coordinator.swift; sourceTree = "<group>"; };
		C25F28E1256EF4650059C464 /* KrepesCoordinator.swift */ = {isa = PBXFileReference; lastKnownFileType = sourcecode.swift; path = KrepesCoordinator.swift; sourceTree = "<group>"; };
		C25F28E5256EF5E70059C464 /* KrepesListViewController.swift */ = {isa = PBXFileReference; lastKnownFileType = sourcecode.swift; path = KrepesListViewController.swift; sourceTree = "<group>"; };
		C25F28EC256F03480059C464 /* CityViewController.swift */ = {isa = PBXFileReference; lastKnownFileType = sourcecode.swift; path = CityViewController.swift; sourceTree = "<group>"; };
		C25F28F5256F05690059C464 /* SceneDelegate.swift */ = {isa = PBXFileReference; fileEncoding = 4; lastKnownFileType = sourcecode.swift; path = SceneDelegate.swift; sourceTree = "<group>"; };
		C26DD8432570EFC7005E3E1B /* Resolver.framework */ = {isa = PBXFileReference; explicitFileType = wrapper.framework; path = Resolver.framework; sourceTree = BUILT_PRODUCTS_DIR; };
		C26DD87D257190AC005E3E1B /* Injector.swift */ = {isa = PBXFileReference; lastKnownFileType = sourcecode.swift; path = Injector.swift; sourceTree = "<group>"; };
		D0EEC40B3032008B539FFD60 /* Pods-iosApp.debug.xcconfig */ = {isa = PBXFileReference; includeInIndex = 1; lastKnownFileType = text.xcconfig; name = "Pods-iosApp.debug.xcconfig"; path = "Target Support Files/Pods-iosApp/Pods-iosApp.debug.xcconfig"; sourceTree = "<group>"; };
/* End PBXFileReference section */

/* Begin PBXFrameworksBuildPhase section */
		7555FF78242A565900829871 /* Frameworks */ = {
			isa = PBXFrameworksBuildPhase;
			buildActionMask = 2147483647;
			files = (
				2C1215503450B45156F9F3AA /* Pods_iosApp.framework in Frameworks */,
			);
			runOnlyForDeploymentPostprocessing = 0;
		};
		7555FF8E242A565B00829871 /* Frameworks */ = {
			isa = PBXFrameworksBuildPhase;
			buildActionMask = 2147483647;
			files = (
			);
			runOnlyForDeploymentPostprocessing = 0;
		};
		7555FF99242A565B00829871 /* Frameworks */ = {
			isa = PBXFrameworksBuildPhase;
			buildActionMask = 2147483647;
			files = (
			);
			runOnlyForDeploymentPostprocessing = 0;
		};
/* End PBXFrameworksBuildPhase section */

/* Begin PBXGroup section */
		5D72A1B45C380D938AF960EE /* Pods */ = {
			isa = PBXGroup;
			children = (
				D0EEC40B3032008B539FFD60 /* Pods-iosApp.debug.xcconfig */,
				01D3C09395C67EC5ADC26F99 /* Pods-iosApp.release.xcconfig */,
			);
			path = Pods;
			sourceTree = "<group>";
		};
		7555FF72242A565900829871 = {
			isa = PBXGroup;
			children = (
				7555FF7D242A565900829871 /* iosApp */,
				7555FF94242A565B00829871 /* iosAppTests */,
				7555FF9F242A565B00829871 /* iosAppUITests */,
				7555FF7C242A565900829871 /* Products */,
				7555FFB0242A642200829871 /* Frameworks */,
				5D72A1B45C380D938AF960EE /* Pods */,
			);
			sourceTree = "<group>";
		};
		7555FF7C242A565900829871 /* Products */ = {
			isa = PBXGroup;
			children = (
				7555FF7B242A565900829871 /* iosApp.app */,
				7555FF91242A565B00829871 /* iosAppTests.xctest */,
				7555FF9C242A565B00829871 /* iosAppUITests.xctest */,
			);
			name = Products;
			sourceTree = "<group>";
		};
		7555FF7D242A565900829871 /* iosApp */ = {
			isa = PBXGroup;
			children = (
				C205321C257027120048BE7E /* domain */,
				C25F28F5256F05690059C464 /* SceneDelegate.swift */,
				7555FF7E242A565900829871 /* AppDelegate.swift */,
				7555FF84242A565B00829871 /* Assets.xcassets */,
				7555FF89242A565B00829871 /* LaunchScreen.storyboard */,
				7555FF8C242A565B00829871 /* Info.plist */,
				7555FF86242A565B00829871 /* Preview Content */,
			);
			path = iosApp;
			sourceTree = "<group>";
		};
		7555FF86242A565B00829871 /* Preview Content */ = {
			isa = PBXGroup;
			children = (
				7555FF87242A565B00829871 /* Preview Assets.xcassets */,
			);
			path = "Preview Content";
			sourceTree = "<group>";
		};
		7555FF94242A565B00829871 /* iosAppTests */ = {
			isa = PBXGroup;
			children = (
				7555FF95242A565B00829871 /* iosAppTests.swift */,
				7555FF97242A565B00829871 /* Info.plist */,
			);
			path = iosAppTests;
			sourceTree = "<group>";
		};
		7555FF9F242A565B00829871 /* iosAppUITests */ = {
			isa = PBXGroup;
			children = (
				7555FFA0242A565B00829871 /* iosAppUITests.swift */,
				7555FFA2242A565B00829871 /* Info.plist */,
			);
			path = iosAppUITests;
			sourceTree = "<group>";
		};
		7555FFB0242A642200829871 /* Frameworks */ = {
			isa = PBXGroup;
			children = (
				C26DD8432570EFC7005E3E1B /* Resolver.framework */,
				7555FFB1242A642300829871 /* shared.framework */,
				62C7461168B04C9E31C22339 /* Pods_iosApp.framework */,
			);
			name = Frameworks;
			sourceTree = "<group>";
		};
		C205320C257026260048BE7E /* imageview */ = {
			isa = PBXGroup;
			children = (
				C20531FD256F0A460048BE7E /* ImageLoader.swift */,
				C205320E257026760048BE7E /* AsyncImageView.swift */,
				C2053204256F0DE00048BE7E /* ImageCache.swift */,
				C2053208256F0E410048BE7E /* EnvironmentValues+ImageCache.swift */,
			);
			path = imageview;
			sourceTree = "<group>";
		};
		C205320D2570262F0048BE7E /* view */ = {
			isa = PBXGroup;
			children = (
				7555FF82242A565900829871 /* KrepesListContentView.swift */,
				C2053235257048660048BE7E /* KrepesCityListContentView.swift */,
				C205320C257026260048BE7E /* imageview */,
			);
			path = view;
			sourceTree = "<group>";
		};
		C205321C257027120048BE7E /* domain */ = {
			isa = PBXGroup;
			children = (
				C205321D2570271C0048BE7E /* krepes */,
			);
			path = domain;
			sourceTree = "<group>";
		};
		C205321D2570271C0048BE7E /* krepes */ = {
			isa = PBXGroup;
			children = (
				C2053222257027840048BE7E /* coordinator */,
				C2053221257027770048BE7E /* controller */,
				C205321E257027360048BE7E /* viewmodel */,
				C205320D2570262F0048BE7E /* view */,
				C26DD87D257190AC005E3E1B /* Injector.swift */,
			);
			path = krepes;
			sourceTree = "<group>";
		};
		C205321E257027360048BE7E /* viewmodel */ = {
			isa = PBXGroup;
			children = (
				99532EB22569EF0B006E064D /* KrepesViewModel.swift */,
			);
			path = viewmodel;
			sourceTree = "<group>";
		};
		C2053221257027770048BE7E /* controller */ = {
			isa = PBXGroup;
			children = (
				C25F28EC256F03480059C464 /* CityViewController.swift */,
				C25F28E5256EF5E70059C464 /* KrepesListViewController.swift */,
				C205322D25702A800048BE7E /* KrepesBaseViewController.swift */,
			);
			path = controller;
			sourceTree = "<group>";
		};
		C2053222257027840048BE7E /* coordinator */ = {
			isa = PBXGroup;
			children = (
				C25F28D9256EF3D80059C464 /* Coordinator.swift */,
				C25F28E1256EF4650059C464 /* KrepesCoordinator.swift */,
			);
			path = coordinator;
			sourceTree = "<group>";
		};
/* End PBXGroup section */

/* Begin PBXNativeTarget section */
		7555FF7A242A565900829871 /* iosApp */ = {
			isa = PBXNativeTarget;
			buildConfigurationList = 7555FFA5242A565B00829871 /* Build configuration list for PBXNativeTarget "iosApp" */;
			buildPhases = (
				567ADF53E1A088FD038BF74E /* [CP] Check Pods Manifest.lock */,
				7555FF77242A565900829871 /* Sources */,
				7555FF78242A565900829871 /* Frameworks */,
				7555FF79242A565900829871 /* Resources */,
				053919C3497E6AB69CF8F175 /* [CP] Embed Pods Frameworks */,
				C20EE479257407790041304B /* Embed Frameworks */,
			);
			buildRules = (
			);
			dependencies = (
			);
			name = iosApp;
			productName = iosApp;
			productReference = 7555FF7B242A565900829871 /* iosApp.app */;
			productType = "com.apple.product-type.application";
		};
		7555FF90242A565B00829871 /* iosAppTests */ = {
			isa = PBXNativeTarget;
			buildConfigurationList = 7555FFA8242A565B00829871 /* Build configuration list for PBXNativeTarget "iosAppTests" */;
			buildPhases = (
				7555FF8D242A565B00829871 /* Sources */,
				7555FF8E242A565B00829871 /* Frameworks */,
				7555FF8F242A565B00829871 /* Resources */,
			);
			buildRules = (
			);
			dependencies = (
				7555FF93242A565B00829871 /* PBXTargetDependency */,
			);
			name = iosAppTests;
			productName = iosAppTests;
			productReference = 7555FF91242A565B00829871 /* iosAppTests.xctest */;
			productType = "com.apple.product-type.bundle.unit-test";
		};
		7555FF9B242A565B00829871 /* iosAppUITests */ = {
			isa = PBXNativeTarget;
			buildConfigurationList = 7555FFAB242A565B00829871 /* Build configuration list for PBXNativeTarget "iosAppUITests" */;
			buildPhases = (
				7555FF98242A565B00829871 /* Sources */,
				7555FF99242A565B00829871 /* Frameworks */,
				7555FF9A242A565B00829871 /* Resources */,
			);
			buildRules = (
			);
			dependencies = (
				7555FF9E242A565B00829871 /* PBXTargetDependency */,
			);
			name = iosAppUITests;
			productName = iosAppUITests;
			productReference = 7555FF9C242A565B00829871 /* iosAppUITests.xctest */;
			productType = "com.apple.product-type.bundle.ui-testing";
		};
/* End PBXNativeTarget section */

/* Begin PBXProject section */
		7555FF73242A565900829871 /* Project object */ = {
			isa = PBXProject;
			attributes = {
				LastSwiftUpdateCheck = 1130;
				LastUpgradeCheck = 1220;
				ORGANIZATIONNAME = orgName;
				TargetAttributes = {
					7555FF7A242A565900829871 = {
						CreatedOnToolsVersion = 11.3.1;
					};
					7555FF90242A565B00829871 = {
						CreatedOnToolsVersion = 11.3.1;
						TestTargetID = 7555FF7A242A565900829871;
					};
					7555FF9B242A565B00829871 = {
						CreatedOnToolsVersion = 11.3.1;
						TestTargetID = 7555FF7A242A565900829871;
					};
				};
			};
			buildConfigurationList = 7555FF76242A565900829871 /* Build configuration list for PBXProject "iosApp" */;
			compatibilityVersion = "Xcode 12.0";
			developmentRegion = en;
			hasScannedForEncodings = 0;
			knownRegions = (
				en,
				Base,
			);
			mainGroup = 7555FF72242A565900829871;
			productRefGroup = 7555FF7C242A565900829871 /* Products */;
			projectDirPath = "";
			projectRoot = "";
			targets = (
				7555FF7A242A565900829871 /* iosApp */,
				7555FF90242A565B00829871 /* iosAppTests */,
				7555FF9B242A565B00829871 /* iosAppUITests */,
			);
		};
/* End PBXProject section */

/* Begin PBXResourcesBuildPhase section */
		7555FF79242A565900829871 /* Resources */ = {
			isa = PBXResourcesBuildPhase;
			buildActionMask = 2147483647;
			files = (
				7555FF8B242A565B00829871 /* LaunchScreen.storyboard in Resources */,
				7555FF88242A565B00829871 /* Preview Assets.xcassets in Resources */,
				7555FF85242A565B00829871 /* Assets.xcassets in Resources */,
			);
			runOnlyForDeploymentPostprocessing = 0;
		};
		7555FF8F242A565B00829871 /* Resources */ = {
			isa = PBXResourcesBuildPhase;
			buildActionMask = 2147483647;
			files = (
			);
			runOnlyForDeploymentPostprocessing = 0;
		};
		7555FF9A242A565B00829871 /* Resources */ = {
			isa = PBXResourcesBuildPhase;
			buildActionMask = 2147483647;
			files = (
			);
			runOnlyForDeploymentPostprocessing = 0;
		};
/* End PBXResourcesBuildPhase section */

/* Begin PBXShellScriptBuildPhase section */
		053919C3497E6AB69CF8F175 /* [CP] Embed Pods Frameworks */ = {
			isa = PBXShellScriptBuildPhase;
			buildActionMask = 2147483647;
			files = (
			);
			inputFileListPaths = (
				"${PODS_ROOT}/Target Support Files/Pods-iosApp/Pods-iosApp-frameworks-${CONFIGURATION}-input-files.xcfilelist",
			);
			name = "[CP] Embed Pods Frameworks";
			outputFileListPaths = (
				"${PODS_ROOT}/Target Support Files/Pods-iosApp/Pods-iosApp-frameworks-${CONFIGURATION}-output-files.xcfilelist",
			);
			runOnlyForDeploymentPostprocessing = 0;
			shellPath = /bin/sh;
			shellScript = "\"${PODS_ROOT}/Target Support Files/Pods-iosApp/Pods-iosApp-frameworks.sh\"\n";
			showEnvVarsInLog = 0;
		};
		567ADF53E1A088FD038BF74E /* [CP] Check Pods Manifest.lock */ = {
			isa = PBXShellScriptBuildPhase;
			buildActionMask = 2147483647;
			files = (
			);
			inputFileListPaths = (
			);
			inputPaths = (
				"${PODS_PODFILE_DIR_PATH}/Podfile.lock",
				"${PODS_ROOT}/Manifest.lock",
			);
			name = "[CP] Check Pods Manifest.lock";
			outputFileListPaths = (
			);
			outputPaths = (
				"$(DERIVED_FILE_DIR)/Pods-iosApp-checkManifestLockResult.txt",
			);
			runOnlyForDeploymentPostprocessing = 0;
			shellPath = /bin/sh;
			shellScript = "diff \"${PODS_PODFILE_DIR_PATH}/Podfile.lock\" \"${PODS_ROOT}/Manifest.lock\" > /dev/null\nif [ $? != 0 ] ; then\n    # print error to STDERR\n    echo \"error: The sandbox is not in sync with the Podfile.lock. Run 'pod install' or update your CocoaPods installation.\" >&2\n    exit 1\nfi\n# This output is used by Xcode 'outputs' to avoid re-running this script phase.\necho \"SUCCESS\" > \"${SCRIPT_OUTPUT_FILE_0}\"\n";
			showEnvVarsInLog = 0;
		};
/* End PBXShellScriptBuildPhase section */

/* Begin PBXSourcesBuildPhase section */
		7555FF77242A565900829871 /* Sources */ = {
			isa = PBXSourcesBuildPhase;
			buildActionMask = 2147483647;
			files = (
				C2053205256F0DE00048BE7E /* ImageCache.swift in Sources */,
				C2053236257048660048BE7E /* KrepesCityListContentView.swift in Sources */,
				7555FF7F242A565900829871 /* AppDelegate.swift in Sources */,
				C25F28E6256EF5E70059C464 /* KrepesListViewController.swift in Sources */,
				C20531FE256F0A460048BE7E /* ImageLoader.swift in Sources */,
				C2053209256F0E410048BE7E /* EnvironmentValues+ImageCache.swift in Sources */,
				C25F28F6256F05690059C464 /* SceneDelegate.swift in Sources */,
				C25F28DA256EF3D80059C464 /* Coordinator.swift in Sources */,
				99532EB32569EF0B006E064D /* KrepesViewModel.swift in Sources */,
				C25F28E2256EF4650059C464 /* KrepesCoordinator.swift in Sources */,
				C26DD87E257190AC005E3E1B /* Injector.swift in Sources */,
				7555FF83242A565900829871 /* KrepesListContentView.swift in Sources */,
				C205322E25702A800048BE7E /* KrepesBaseViewController.swift in Sources */,
				C205320F257026760048BE7E /* AsyncImageView.swift in Sources */,
				C25F28ED256F03480059C464 /* CityViewController.swift in Sources */,
			);
			runOnlyForDeploymentPostprocessing = 0;
		};
		7555FF8D242A565B00829871 /* Sources */ = {
			isa = PBXSourcesBuildPhase;
			buildActionMask = 2147483647;
			files = (
				7555FF96242A565B00829871 /* iosAppTests.swift in Sources */,
			);
			runOnlyForDeploymentPostprocessing = 0;
		};
		7555FF98242A565B00829871 /* Sources */ = {
			isa = PBXSourcesBuildPhase;
			buildActionMask = 2147483647;
			files = (
				7555FFA1242A565B00829871 /* iosAppUITests.swift in Sources */,
			);
			runOnlyForDeploymentPostprocessing = 0;
		};
/* End PBXSourcesBuildPhase section */

/* Begin PBXTargetDependency section */
		7555FF93242A565B00829871 /* PBXTargetDependency */ = {
			isa = PBXTargetDependency;
			target = 7555FF7A242A565900829871 /* iosApp */;
			targetProxy = 7555FF92242A565B00829871 /* PBXContainerItemProxy */;
		};
		7555FF9E242A565B00829871 /* PBXTargetDependency */ = {
			isa = PBXTargetDependency;
			target = 7555FF7A242A565900829871 /* iosApp */;
			targetProxy = 7555FF9D242A565B00829871 /* PBXContainerItemProxy */;
		};
/* End PBXTargetDependency section */

/* Begin PBXVariantGroup section */
		7555FF89242A565B00829871 /* LaunchScreen.storyboard */ = {
			isa = PBXVariantGroup;
			children = (
				7555FF8A242A565B00829871 /* Base */,
			);
			name = LaunchScreen.storyboard;
			sourceTree = "<group>";
		};
/* End PBXVariantGroup section */

/* Begin XCBuildConfiguration section */
		7555FFA3242A565B00829871 /* Debug */ = {
			isa = XCBuildConfiguration;
			buildSettings = {
				ALWAYS_SEARCH_USER_PATHS = NO;
				CLANG_ANALYZER_NONNULL = YES;
				CLANG_ANALYZER_NUMBER_OBJECT_CONVERSION = YES_AGGRESSIVE;
				CLANG_CXX_LANGUAGE_STANDARD = "gnu++14";
				CLANG_CXX_LIBRARY = "libc++";
				CLANG_ENABLE_MODULES = YES;
				CLANG_ENABLE_OBJC_ARC = YES;
				CLANG_ENABLE_OBJC_WEAK = YES;
				CLANG_WARN_BLOCK_CAPTURE_AUTORELEASING = YES;
				CLANG_WARN_BOOL_CONVERSION = YES;
				CLANG_WARN_COMMA = YES;
				CLANG_WARN_CONSTANT_CONVERSION = YES;
				CLANG_WARN_DEPRECATED_OBJC_IMPLEMENTATIONS = YES;
				CLANG_WARN_DIRECT_OBJC_ISA_USAGE = YES_ERROR;
				CLANG_WARN_DOCUMENTATION_COMMENTS = YES;
				CLANG_WARN_EMPTY_BODY = YES;
				CLANG_WARN_ENUM_CONVERSION = YES;
				CLANG_WARN_INFINITE_RECURSION = YES;
				CLANG_WARN_INT_CONVERSION = YES;
				CLANG_WARN_NON_LITERAL_NULL_CONVERSION = YES;
				CLANG_WARN_OBJC_IMPLICIT_RETAIN_SELF = YES;
				CLANG_WARN_OBJC_LITERAL_CONVERSION = YES;
				CLANG_WARN_OBJC_ROOT_CLASS = YES_ERROR;
				CLANG_WARN_QUOTED_INCLUDE_IN_FRAMEWORK_HEADER = YES;
				CLANG_WARN_RANGE_LOOP_ANALYSIS = YES;
				CLANG_WARN_STRICT_PROTOTYPES = YES;
				CLANG_WARN_SUSPICIOUS_MOVE = YES;
				CLANG_WARN_UNGUARDED_AVAILABILITY = YES_AGGRESSIVE;
				CLANG_WARN_UNREACHABLE_CODE = YES;
				CLANG_WARN__DUPLICATE_METHOD_MATCH = YES;
				COPY_PHASE_STRIP = NO;
				DEBUG_INFORMATION_FORMAT = "dwarf-with-dsym";
				ENABLE_STRICT_OBJC_MSGSEND = YES;
				ENABLE_TESTABILITY = YES;
				GCC_C_LANGUAGE_STANDARD = gnu11;
				GCC_DYNAMIC_NO_PIC = NO;
				GCC_NO_COMMON_BLOCKS = YES;
				GCC_OPTIMIZATION_LEVEL = 0;
				GCC_PREPROCESSOR_DEFINITIONS = (
					"DEBUG=1",
					"$(inherited)",
				);
				GCC_WARN_64_TO_32_BIT_CONVERSION = YES;
				GCC_WARN_ABOUT_RETURN_TYPE = YES_ERROR;
				GCC_WARN_UNDECLARED_SELECTOR = YES;
				GCC_WARN_UNINITIALIZED_AUTOS = YES_AGGRESSIVE;
				GCC_WARN_UNUSED_FUNCTION = YES;
				GCC_WARN_UNUSED_VARIABLE = YES;
				IPHONEOS_DEPLOYMENT_TARGET = 14.2;
				MTL_ENABLE_DEBUG_INFO = INCLUDE_SOURCE;
				MTL_FAST_MATH = YES;
				ONLY_ACTIVE_ARCH = YES;
				SDKROOT = iphoneos;
				SWIFT_ACTIVE_COMPILATION_CONDITIONS = DEBUG;
				SWIFT_OPTIMIZATION_LEVEL = "-Onone";
			};
			name = Debug;
		};
		7555FFA4242A565B00829871 /* Release */ = {
			isa = XCBuildConfiguration;
			buildSettings = {
				ALWAYS_SEARCH_USER_PATHS = NO;
				CLANG_ANALYZER_NONNULL = YES;
				CLANG_ANALYZER_NUMBER_OBJECT_CONVERSION = YES_AGGRESSIVE;
				CLANG_CXX_LANGUAGE_STANDARD = "gnu++14";
				CLANG_CXX_LIBRARY = "libc++";
				CLANG_ENABLE_MODULES = YES;
				CLANG_ENABLE_OBJC_ARC = YES;
				CLANG_ENABLE_OBJC_WEAK = YES;
				CLANG_WARN_BLOCK_CAPTURE_AUTORELEASING = YES;
				CLANG_WARN_BOOL_CONVERSION = YES;
				CLANG_WARN_COMMA = YES;
				CLANG_WARN_CONSTANT_CONVERSION = YES;
				CLANG_WARN_DEPRECATED_OBJC_IMPLEMENTATIONS = YES;
				CLANG_WARN_DIRECT_OBJC_ISA_USAGE = YES_ERROR;
				CLANG_WARN_DOCUMENTATION_COMMENTS = YES;
				CLANG_WARN_EMPTY_BODY = YES;
				CLANG_WARN_ENUM_CONVERSION = YES;
				CLANG_WARN_INFINITE_RECURSION = YES;
				CLANG_WARN_INT_CONVERSION = YES;
				CLANG_WARN_NON_LITERAL_NULL_CONVERSION = YES;
				CLANG_WARN_OBJC_IMPLICIT_RETAIN_SELF = YES;
				CLANG_WARN_OBJC_LITERAL_CONVERSION = YES;
				CLANG_WARN_OBJC_ROOT_CLASS = YES_ERROR;
				CLANG_WARN_QUOTED_INCLUDE_IN_FRAMEWORK_HEADER = YES;
				CLANG_WARN_RANGE_LOOP_ANALYSIS = YES;
				CLANG_WARN_STRICT_PROTOTYPES = YES;
				CLANG_WARN_SUSPICIOUS_MOVE = YES;
				CLANG_WARN_UNGUARDED_AVAILABILITY = YES_AGGRESSIVE;
				CLANG_WARN_UNREACHABLE_CODE = YES;
				CLANG_WARN__DUPLICATE_METHOD_MATCH = YES;
				COPY_PHASE_STRIP = NO;
				DEBUG_INFORMATION_FORMAT = "dwarf-with-dsym";
				ENABLE_NS_ASSERTIONS = NO;
				ENABLE_STRICT_OBJC_MSGSEND = YES;
				GCC_C_LANGUAGE_STANDARD = gnu11;
				GCC_NO_COMMON_BLOCKS = YES;
				GCC_WARN_64_TO_32_BIT_CONVERSION = YES;
				GCC_WARN_ABOUT_RETURN_TYPE = YES_ERROR;
				GCC_WARN_UNDECLARED_SELECTOR = YES;
				GCC_WARN_UNINITIALIZED_AUTOS = YES_AGGRESSIVE;
				GCC_WARN_UNUSED_FUNCTION = YES;
				GCC_WARN_UNUSED_VARIABLE = YES;
				IPHONEOS_DEPLOYMENT_TARGET = 14.2;
				MTL_ENABLE_DEBUG_INFO = NO;
				MTL_FAST_MATH = YES;
				SDKROOT = iphoneos;
				SWIFT_COMPILATION_MODE = wholemodule;
				SWIFT_OPTIMIZATION_LEVEL = "-O";
				VALIDATE_PRODUCT = YES;
			};
			name = Release;
		};
		7555FFA6242A565B00829871 /* Debug */ = {
			isa = XCBuildConfiguration;
			baseConfigurationReference = D0EEC40B3032008B539FFD60 /* Pods-iosApp.debug.xcconfig */;
			buildSettings = {
				ASSETCATALOG_COMPILER_APPICON_NAME = AppIcon;
				CODE_SIGN_STYLE = Automatic;
				DEVELOPMENT_ASSET_PATHS = "\"iosApp/Preview Content\"";
				ENABLE_PREVIEWS = YES;
				FRAMEWORK_SEARCH_PATHS = (
					"$(inherited)",
					"../shared/build/xcode-frameworks",
				);
				INFOPLIST_FILE = iosApp/Info.plist;
				IPHONEOS_DEPLOYMENT_TARGET = 14.2;
				LD_RUNPATH_SEARCH_PATHS = (
					"$(inherited)",
					"@executable_path/Frameworks",
				);
				PRODUCT_BUNDLE_IDENTIFIER = orgIdentifier.iosApp;
				PRODUCT_NAME = "$(TARGET_NAME)";
				SWIFT_VERSION = 5.0;
				TARGETED_DEVICE_FAMILY = "1,2";
			};
			name = Debug;
		};
		7555FFA7242A565B00829871 /* Release */ = {
			isa = XCBuildConfiguration;
			baseConfigurationReference = 01D3C09395C67EC5ADC26F99 /* Pods-iosApp.release.xcconfig */;
			buildSettings = {
				ASSETCATALOG_COMPILER_APPICON_NAME = AppIcon;
				CODE_SIGN_STYLE = Automatic;
				DEVELOPMENT_ASSET_PATHS = "\"iosApp/Preview Content\"";
				ENABLE_PREVIEWS = YES;
				FRAMEWORK_SEARCH_PATHS = (
					"$(inherited)",
					"../shared/build/xcode-frameworks",
				);
				INFOPLIST_FILE = iosApp/Info.plist;
				IPHONEOS_DEPLOYMENT_TARGET = 14.2;
				LD_RUNPATH_SEARCH_PATHS = (
					"$(inherited)",
					"@executable_path/Frameworks",
				);
				PRODUCT_BUNDLE_IDENTIFIER = orgIdentifier.iosApp;
				PRODUCT_NAME = "$(TARGET_NAME)";
				SWIFT_VERSION = 5.0;
				TARGETED_DEVICE_FAMILY = "1,2";
			};
			name = Release;
		};
		7555FFA9242A565B00829871 /* Debug */ = {
			isa = XCBuildConfiguration;
			buildSettings = {
				ALWAYS_EMBED_SWIFT_STANDARD_LIBRARIES = YES;
				BUNDLE_LOADER = "$(TEST_HOST)";
				CODE_SIGN_STYLE = Automatic;
				INFOPLIST_FILE = iosAppTests/Info.plist;
				IPHONEOS_DEPLOYMENT_TARGET = 14.2;
				LD_RUNPATH_SEARCH_PATHS = (
					"$(inherited)",
					"@executable_path/Frameworks",
					"@loader_path/Frameworks",
				);
				PRODUCT_BUNDLE_IDENTIFIER = orgIdentifier.iosAppTests;
				PRODUCT_NAME = "$(TARGET_NAME)";
				SWIFT_VERSION = 5.0;
				TARGETED_DEVICE_FAMILY = "1,2";
				TEST_HOST = "$(BUILT_PRODUCTS_DIR)/iosApp.app/iosApp";
			};
			name = Debug;
		};
		7555FFAA242A565B00829871 /* Release */ = {
			isa = XCBuildConfiguration;
			buildSettings = {
				ALWAYS_EMBED_SWIFT_STANDARD_LIBRARIES = YES;
				BUNDLE_LOADER = "$(TEST_HOST)";
				CODE_SIGN_STYLE = Automatic;
				INFOPLIST_FILE = iosAppTests/Info.plist;
				IPHONEOS_DEPLOYMENT_TARGET = 14.2;
				LD_RUNPATH_SEARCH_PATHS = (
					"$(inherited)",
					"@executable_path/Frameworks",
					"@loader_path/Frameworks",
				);
				PRODUCT_BUNDLE_IDENTIFIER = orgIdentifier.iosAppTests;
				PRODUCT_NAME = "$(TARGET_NAME)";
				SWIFT_VERSION = 5.0;
				TARGETED_DEVICE_FAMILY = "1,2";
				TEST_HOST = "$(BUILT_PRODUCTS_DIR)/iosApp.app/iosApp";
			};
			name = Release;
		};
		7555FFAC242A565B00829871 /* Debug */ = {
			isa = XCBuildConfiguration;
			buildSettings = {
				ALWAYS_EMBED_SWIFT_STANDARD_LIBRARIES = YES;
				CODE_SIGN_STYLE = Automatic;
				INFOPLIST_FILE = iosAppUITests/Info.plist;
				LD_RUNPATH_SEARCH_PATHS = (
					"$(inherited)",
					"@executable_path/Frameworks",
					"@loader_path/Frameworks",
				);
				PRODUCT_BUNDLE_IDENTIFIER = orgIdentifier.iosAppUITests;
				PRODUCT_NAME = "$(TARGET_NAME)";
				SWIFT_VERSION = 5.0;
				TARGETED_DEVICE_FAMILY = "1,2";
				TEST_TARGET_NAME = iosApp;
			};
			name = Debug;
		};
		7555FFAD242A565B00829871 /* Release */ = {
			isa = XCBuildConfiguration;
			buildSettings = {
				ALWAYS_EMBED_SWIFT_STANDARD_LIBRARIES = YES;
				CODE_SIGN_STYLE = Automatic;
				INFOPLIST_FILE = iosAppUITests/Info.plist;
				LD_RUNPATH_SEARCH_PATHS = (
					"$(inherited)",
					"@executable_path/Frameworks",
					"@loader_path/Frameworks",
				);
				PRODUCT_BUNDLE_IDENTIFIER = orgIdentifier.iosAppUITests;
				PRODUCT_NAME = "$(TARGET_NAME)";
				SWIFT_VERSION = 5.0;
				TARGETED_DEVICE_FAMILY = "1,2";
				TEST_TARGET_NAME = iosApp;
			};
			name = Release;
		};
/* End XCBuildConfiguration section */

/* Begin XCConfigurationList section */
		7555FF76242A565900829871 /* Build configuration list for PBXProject "iosApp" */ = {
			isa = XCConfigurationList;
			buildConfigurations = (
				7555FFA3242A565B00829871 /* Debug */,
				7555FFA4242A565B00829871 /* Release */,
			);
			defaultConfigurationIsVisible = 0;
			defaultConfigurationName = Release;
		};
		7555FFA5242A565B00829871 /* Build configuration list for PBXNativeTarget "iosApp" */ = {
			isa = XCConfigurationList;
			buildConfigurations = (
				7555FFA6242A565B00829871 /* Debug */,
				7555FFA7242A565B00829871 /* Release */,
			);
			defaultConfigurationIsVisible = 0;
			defaultConfigurationName = Release;
		};
		7555FFA8242A565B00829871 /* Build configuration list for PBXNativeTarget "iosAppTests" */ = {
			isa = XCConfigurationList;
			buildConfigurations = (
				7555FFA9242A565B00829871 /* Debug */,
				7555FFAA242A565B00829871 /* Release */,
			);
			defaultConfigurationIsVisible = 0;
			defaultConfigurationName = Release;
		};
		7555FFAB242A565B00829871 /* Build configuration list for PBXNativeTarget "iosAppUITests" */ = {
			isa = XCConfigurationList;
			buildConfigurations = (
				7555FFAC242A565B00829871 /* Debug */,
				7555FFAD242A565B00829871 /* Release */,
			);
			defaultConfigurationIsVisible = 0;
			defaultConfigurationName = Release;
		};
/* End XCConfigurationList section */
	};
	rootObject = 7555FF73242A565900829871 /* Project object */;
}
